// !$*UTF8*$!
{
	archiveVersion = 1;
	classes = {
	};
	objectVersion = 46;
	objects = {

/* Begin PBXBuildFile section */
		221AC0F019F26B79009FD639 /* AACAudioConverter.swift in Sources */ = {isa = PBXBuildFile; fileRef = 221AC0EF19F26B79009FD639 /* AACAudioConverter.swift */; };
		50ECCE1419F18C38007A65D5 /* AppDelegate.swift in Sources */ = {isa = PBXBuildFile; fileRef = 50ECCE1319F18C38007A65D5 /* AppDelegate.swift */; };
		50ECCE1B19F18C38007A65D5 /* Main.storyboard in Resources */ = {isa = PBXBuildFile; fileRef = 50ECCE1919F18C38007A65D5 /* Main.storyboard */; };
		50ECCE1D19F18C38007A65D5 /* Images.xcassets in Resources */ = {isa = PBXBuildFile; fileRef = 50ECCE1C19F18C38007A65D5 /* Images.xcassets */; };
		50ECCE2019F18C38007A65D5 /* LaunchScreen.xib in Resources */ = {isa = PBXBuildFile; fileRef = 50ECCE1E19F18C38007A65D5 /* LaunchScreen.xib */; };
		50ECCE2C19F18C38007A65D5 /* WalkieTalkieTests.swift in Sources */ = {isa = PBXBuildFile; fileRef = 50ECCE2B19F18C38007A65D5 /* WalkieTalkieTests.swift */; };
		50ECCE6619F1AE29007A65D5 /* SessionContainer.swift in Sources */ = {isa = PBXBuildFile; fileRef = 50ECCE6519F1AE29007A65D5 /* SessionContainer.swift */; };
		654C99F219F271AF0091BA06 /* SpeakButton.swift in Sources */ = {isa = PBXBuildFile; fileRef = 654C99F119F271AF0091BA06 /* SpeakButton.swift */; };
		654C99F319F271B20091BA06 /* SpeakButton.swift in Sources */ = {isa = PBXBuildFile; fileRef = 654C99F119F271AF0091BA06 /* SpeakButton.swift */; };
		654C99F719F27ED70091BA06 /* MasterViewController.swift in Sources */ = {isa = PBXBuildFile; fileRef = 654C99F519F27ED70091BA06 /* MasterViewController.swift */; };
		8FDB86D919F26909008C667A /* AudioEngine.swift in Sources */ = {isa = PBXBuildFile; fileRef = 8FDB86D819F26909008C667A /* AudioEngine.swift */; };
/* End PBXBuildFile section */

/* Begin PBXContainerItemProxy section */
		50ECCE2619F18C38007A65D5 /* PBXContainerItemProxy */ = {
			isa = PBXContainerItemProxy;
			containerPortal = 50ECCE0619F18C38007A65D5 /* Project object */;
			proxyType = 1;
			remoteGlobalIDString = 50ECCE0D19F18C38007A65D5;
			remoteInfo = WalkieTalkie;
		};
/* End PBXContainerItemProxy section */

/* Begin PBXFileReference section */
		221AC0EF19F26B79009FD639 /* AACAudioConverter.swift */ = {isa = PBXFileReference; fileEncoding = 4; lastKnownFileType = sourcecode.swift; path = AACAudioConverter.swift; sourceTree = "<group>"; };
		50ECCE0E19F18C38007A65D5 /* WalkieTalkie.app */ = {isa = PBXFileReference; explicitFileType = wrapper.application; includeInIndex = 0; path = WalkieTalkie.app; sourceTree = BUILT_PRODUCTS_DIR; };
		50ECCE1219F18C38007A65D5 /* Info.plist */ = {isa = PBXFileReference; lastKnownFileType = text.plist.xml; path = Info.plist; sourceTree = "<group>"; };
		50ECCE1319F18C38007A65D5 /* AppDelegate.swift */ = {isa = PBXFileReference; lastKnownFileType = sourcecode.swift; path = AppDelegate.swift; sourceTree = "<group>"; };
		50ECCE1A19F18C38007A65D5 /* Base */ = {isa = PBXFileReference; lastKnownFileType = file.storyboard; name = Base; path = Base.lproj/Main.storyboard; sourceTree = "<group>"; };
		50ECCE1C19F18C38007A65D5 /* Images.xcassets */ = {isa = PBXFileReference; lastKnownFileType = folder.assetcatalog; path = Images.xcassets; sourceTree = "<group>"; };
		50ECCE1F19F18C38007A65D5 /* Base */ = {isa = PBXFileReference; lastKnownFileType = file.xib; name = Base; path = Base.lproj/LaunchScreen.xib; sourceTree = "<group>"; };
		50ECCE2519F18C38007A65D5 /* WalkieTalkieTests.xctest */ = {isa = PBXFileReference; explicitFileType = wrapper.cfbundle; includeInIndex = 0; path = WalkieTalkieTests.xctest; sourceTree = BUILT_PRODUCTS_DIR; };
		50ECCE2A19F18C38007A65D5 /* Info.plist */ = {isa = PBXFileReference; lastKnownFileType = text.plist.xml; path = Info.plist; sourceTree = "<group>"; };
		50ECCE2B19F18C38007A65D5 /* WalkieTalkieTests.swift */ = {isa = PBXFileReference; lastKnownFileType = sourcecode.swift; path = WalkieTalkieTests.swift; sourceTree = "<group>"; };
		50ECCE6519F1AE29007A65D5 /* SessionContainer.swift */ = {isa = PBXFileReference; fileEncoding = 4; lastKnownFileType = sourcecode.swift; path = SessionContainer.swift; sourceTree = "<group>"; };
		654C99F119F271AF0091BA06 /* SpeakButton.swift */ = {isa = PBXFileReference; fileEncoding = 4; lastKnownFileType = sourcecode.swift; path = SpeakButton.swift; sourceTree = "<group>"; };
		654C99F519F27ED70091BA06 /* MasterViewController.swift */ = {isa = PBXFileReference; fileEncoding = 4; lastKnownFileType = sourcecode.swift; name = MasterViewController.swift; path = UI/MasterViewController.swift; sourceTree = "<group>"; };
		8FDB86D819F26909008C667A /* AudioEngine.swift */ = {isa = PBXFileReference; fileEncoding = 4; lastKnownFileType = sourcecode.swift; path = AudioEngine.swift; sourceTree = "<group>"; };
/* End PBXFileReference section */

/* Begin PBXFrameworksBuildPhase section */
		50ECCE0B19F18C38007A65D5 /* Frameworks */ = {
			isa = PBXFrameworksBuildPhase;
			buildActionMask = 2147483647;
			files = (
			);
			runOnlyForDeploymentPostprocessing = 0;
		};
		50ECCE2219F18C38007A65D5 /* Frameworks */ = {
			isa = PBXFrameworksBuildPhase;
			buildActionMask = 2147483647;
			files = (
			);
			runOnlyForDeploymentPostprocessing = 0;
		};
/* End PBXFrameworksBuildPhase section */

/* Begin PBXGroup section */
		50ECCE0519F18C38007A65D5 = {
			isa = PBXGroup;
			children = (
				50ECCE1019F18C38007A65D5 /* WalkieTalkie */,
				50ECCE2819F18C38007A65D5 /* WalkieTalkieTests */,
				50ECCE0F19F18C38007A65D5 /* Products */,
			);
			indentWidth = 4;
			sourceTree = "<group>";
			tabWidth = 4;
		};
		50ECCE0F19F18C38007A65D5 /* Products */ = {
			isa = PBXGroup;
			children = (
				50ECCE0E19F18C38007A65D5 /* WalkieTalkie.app */,
				50ECCE2519F18C38007A65D5 /* WalkieTalkieTests.xctest */,
			);
			name = Products;
			sourceTree = "<group>";
		};
		50ECCE1019F18C38007A65D5 /* WalkieTalkie */ = {
			isa = PBXGroup;
			children = (
				221AC0EF19F26B79009FD639 /* AACAudioConverter.swift */,
				50ECCE1319F18C38007A65D5 /* AppDelegate.swift */,
				8FDB86D819F26909008C667A /* AudioEngine.swift */,
				50ECCE1C19F18C38007A65D5 /* Images.xcassets */,
				50ECCE6519F1AE29007A65D5 /* SessionContainer.swift */,
				50ECCE1119F18C38007A65D5 /* Supporting Files */,
				654C99EF19F271620091BA06 /* UI */,
			);
			path = WalkieTalkie;
			sourceTree = "<group>";
		};
		50ECCE1119F18C38007A65D5 /* Supporting Files */ = {
			isa = PBXGroup;
			children = (
				50ECCE1219F18C38007A65D5 /* Info.plist */,
			);
			name = "Supporting Files";
			sourceTree = "<group>";
		};
		50ECCE2819F18C38007A65D5 /* WalkieTalkieTests */ = {
			isa = PBXGroup;
			children = (
				50ECCE2B19F18C38007A65D5 /* WalkieTalkieTests.swift */,
				50ECCE2919F18C38007A65D5 /* Supporting Files */,
			);
			path = WalkieTalkieTests;
			sourceTree = "<group>";
		};
		50ECCE2919F18C38007A65D5 /* Supporting Files */ = {
			isa = PBXGroup;
			children = (
				50ECCE2A19F18C38007A65D5 /* Info.plist */,
			);
			name = "Supporting Files";
			sourceTree = "<group>";
		};
		654C99EF19F271620091BA06 /* UI */ = {
			isa = PBXGroup;
			children = (
				50ECCE1E19F18C38007A65D5 /* LaunchScreen.xib */,
				50ECCE1919F18C38007A65D5 /* Main.storyboard */,
				654C99F519F27ED70091BA06 /* MasterViewController.swift */,
				654C99F019F271930091BA06 /* SpeakButton */,
			);
			name = UI;
			sourceTree = "<group>";
		};
		654C99F019F271930091BA06 /* SpeakButton */ = {
			isa = PBXGroup;
			children = (
				654C99F119F271AF0091BA06 /* SpeakButton.swift */,
			);
			name = SpeakButton;
			path = UI/SpeakButton;
			sourceTree = "<group>";
		};
/* End PBXGroup section */

/* Begin PBXNativeTarget section */
		50ECCE0D19F18C38007A65D5 /* WalkieTalkie */ = {
			isa = PBXNativeTarget;
			buildConfigurationList = 50ECCE2F19F18C38007A65D5 /* Build configuration list for PBXNativeTarget "WalkieTalkie" */;
			buildPhases = (
				50ECCE0A19F18C38007A65D5 /* Sources */,
				50ECCE0B19F18C38007A65D5 /* Frameworks */,
				50ECCE0C19F18C38007A65D5 /* Resources */,
			);
			buildRules = (
			);
			dependencies = (
			);
			name = WalkieTalkie;
			productName = WalkieTalkie;
			productReference = 50ECCE0E19F18C38007A65D5 /* WalkieTalkie.app */;
			productType = "com.apple.product-type.application";
		};
		50ECCE2419F18C38007A65D5 /* WalkieTalkieTests */ = {
			isa = PBXNativeTarget;
			buildConfigurationList = 50ECCE3219F18C38007A65D5 /* Build configuration list for PBXNativeTarget "WalkieTalkieTests" */;
			buildPhases = (
				50ECCE2119F18C38007A65D5 /* Sources */,
				50ECCE2219F18C38007A65D5 /* Frameworks */,
				50ECCE2319F18C38007A65D5 /* Resources */,
			);
			buildRules = (
			);
			dependencies = (
				50ECCE2719F18C38007A65D5 /* PBXTargetDependency */,
			);
			name = WalkieTalkieTests;
			productName = WalkieTalkieTests;
			productReference = 50ECCE2519F18C38007A65D5 /* WalkieTalkieTests.xctest */;
			productType = "com.apple.product-type.bundle.unit-test";
		};
/* End PBXNativeTarget section */

/* Begin PBXProject section */
		50ECCE0619F18C38007A65D5 /* Project object */ = {
			isa = PBXProject;
			attributes = {
				LastUpgradeCheck = 0610;
				ORGANIZATIONNAME = CocoaHeadsBY;
				TargetAttributes = {
					50ECCE0D19F18C38007A65D5 = {
						CreatedOnToolsVersion = 6.1;
						DevelopmentTeam = 6DX29W6XC5;
					};
					50ECCE2419F18C38007A65D5 = {
						CreatedOnToolsVersion = 6.1;
						TestTargetID = 50ECCE0D19F18C38007A65D5;
					};
				};
			};
			buildConfigurationList = 50ECCE0919F18C38007A65D5 /* Build configuration list for PBXProject "WalkieTalkie" */;
			compatibilityVersion = "Xcode 3.2";
			developmentRegion = English;
			hasScannedForEncodings = 0;
			knownRegions = (
				en,
				Base,
			);
			mainGroup = 50ECCE0519F18C38007A65D5;
			productRefGroup = 50ECCE0F19F18C38007A65D5 /* Products */;
			projectDirPath = "";
			projectRoot = "";
			targets = (
				50ECCE0D19F18C38007A65D5 /* WalkieTalkie */,
				50ECCE2419F18C38007A65D5 /* WalkieTalkieTests */,
			);
		};
/* End PBXProject section */

/* Begin PBXResourcesBuildPhase section */
		50ECCE0C19F18C38007A65D5 /* Resources */ = {
			isa = PBXResourcesBuildPhase;
			buildActionMask = 2147483647;
			files = (
				50ECCE1B19F18C38007A65D5 /* Main.storyboard in Resources */,
				50ECCE2019F18C38007A65D5 /* LaunchScreen.xib in Resources */,
				50ECCE1D19F18C38007A65D5 /* Images.xcassets in Resources */,
			);
			runOnlyForDeploymentPostprocessing = 0;
		};
		50ECCE2319F18C38007A65D5 /* Resources */ = {
			isa = PBXResourcesBuildPhase;
			buildActionMask = 2147483647;
			files = (
			);
			runOnlyForDeploymentPostprocessing = 0;
		};
/* End PBXResourcesBuildPhase section */

/* Begin PBXSourcesBuildPhase section */
		50ECCE0A19F18C38007A65D5 /* Sources */ = {
			isa = PBXSourcesBuildPhase;
			buildActionMask = 2147483647;
			files = (
				654C99F219F271AF0091BA06 /* SpeakButton.swift in Sources */,
				50ECCE6619F1AE29007A65D5 /* SessionContainer.swift in Sources */,
				654C99F719F27ED70091BA06 /* MasterViewController.swift in Sources */,
				8FDB86D919F26909008C667A /* AudioEngine.swift in Sources */,
				221AC0F019F26B79009FD639 /* AACAudioConverter.swift in Sources */,
				50ECCE1419F18C38007A65D5 /* AppDelegate.swift in Sources */,
			);
			runOnlyForDeploymentPostprocessing = 0;
		};
		50ECCE2119F18C38007A65D5 /* Sources */ = {
			isa = PBXSourcesBuildPhase;
			buildActionMask = 2147483647;
			files = (
				654C99F319F271B20091BA06 /* SpeakButton.swift in Sources */,
				50ECCE2C19F18C38007A65D5 /* WalkieTalkieTests.swift in Sources */,
			);
			runOnlyForDeploymentPostprocessing = 0;
		};
/* End PBXSourcesBuildPhase section */

/* Begin PBXTargetDependency section */
		50ECCE2719F18C38007A65D5 /* PBXTargetDependency */ = {
			isa = PBXTargetDependency;
			target = 50ECCE0D19F18C38007A65D5 /* WalkieTalkie */;
			targetProxy = 50ECCE2619F18C38007A65D5 /* PBXContainerItemProxy */;
		};
/* End PBXTargetDependency section */

/* Begin PBXVariantGroup section */
		50ECCE1919F18C38007A65D5 /* Main.storyboard */ = {
			isa = PBXVariantGroup;
			children = (
				50ECCE1A19F18C38007A65D5 /* Base */,
			);
			name = Main.storyboard;
			sourceTree = "<group>";
		};
		50ECCE1E19F18C38007A65D5 /* LaunchScreen.xib */ = {
			isa = PBXVariantGroup;
			children = (
				50ECCE1F19F18C38007A65D5 /* Base */,
			);
			name = LaunchScreen.xib;
			sourceTree = "<group>";
		};
/* End PBXVariantGroup section */

/* Begin XCBuildConfiguration section */
		50ECCE2D19F18C38007A65D5 /* Debug */ = {
			isa = XCBuildConfiguration;
			buildSettings = {
				ALWAYS_SEARCH_USER_PATHS = NO;
				CLANG_CXX_LANGUAGE_STANDARD = "gnu++0x";
				CLANG_CXX_LIBRARY = "libc++";
				CLANG_ENABLE_MODULES = YES;
				CLANG_ENABLE_OBJC_ARC = YES;
				CLANG_WARN_BOOL_CONVERSION = YES;
				CLANG_WARN_CONSTANT_CONVERSION = YES;
				CLANG_WARN_DIRECT_OBJC_ISA_USAGE = YES_ERROR;
				CLANG_WARN_EMPTY_BODY = YES;
				CLANG_WARN_ENUM_CONVERSION = YES;
				CLANG_WARN_INT_CONVERSION = YES;
				CLANG_WARN_OBJC_ROOT_CLASS = YES_ERROR;
				CLANG_WARN_UNREACHABLE_CODE = YES;
				CLANG_WARN__DUPLICATE_METHOD_MATCH = YES;
				"CODE_SIGN_IDENTITY[sdk=iphoneos*]" = "iPhone Developer";
				COPY_PHASE_STRIP = NO;
				ENABLE_STRICT_OBJC_MSGSEND = YES;
				GCC_C_LANGUAGE_STANDARD = gnu99;
				GCC_DYNAMIC_NO_PIC = NO;
				GCC_OPTIMIZATION_LEVEL = 0;
				GCC_PREPROCESSOR_DEFINITIONS = (
					"DEBUG=1",
					"$(inherited)",
				);
				GCC_SYMBOLS_PRIVATE_EXTERN = NO;
				GCC_WARN_64_TO_32_BIT_CONVERSION = YES;
				GCC_WARN_ABOUT_RETURN_TYPE = YES_ERROR;
				GCC_WARN_UNDECLARED_SELECTOR = YES;
				GCC_WARN_UNINITIALIZED_AUTOS = YES_AGGRESSIVE;
				GCC_WARN_UNUSED_FUNCTION = YES;
				GCC_WARN_UNUSED_VARIABLE = YES;
				IPHONEOS_DEPLOYMENT_TARGET = 8.0;
				MTL_ENABLE_DEBUG_INFO = YES;
				ONLY_ACTIVE_ARCH = YES;
				SDKROOT = iphoneos;
				SWIFT_OPTIMIZATION_LEVEL = "-Onone";
				TARGETED_DEVICE_FAMILY = "1,2";
			};
			name = Debug;
		};
		50ECCE2E19F18C38007A65D5 /* Release */ = {
			isa = XCBuildConfiguration;
			buildSettings = {
				ALWAYS_SEARCH_USER_PATHS = NO;
				CLANG_CXX_LANGUAGE_STANDARD = "gnu++0x";
				CLANG_CXX_LIBRARY = "libc++";
				CLANG_ENABLE_MODULES = YES;
				CLANG_ENABLE_OBJC_ARC = YES;
				CLANG_WARN_BOOL_CONVERSION = YES;
				CLANG_WARN_CONSTANT_CONVERSION = YES;
				CLANG_WARN_DIRECT_OBJC_ISA_USAGE = YES_ERROR;
				CLANG_WARN_EMPTY_BODY = YES;
				CLANG_WARN_ENUM_CONVERSION = YES;
				CLANG_WARN_INT_CONVERSION = YES;
				CLANG_WARN_OBJC_ROOT_CLASS = YES_ERROR;
				CLANG_WARN_UNREACHABLE_CODE = YES;
				CLANG_WARN__DUPLICATE_METHOD_MATCH = YES;
				"CODE_SIGN_IDENTITY[sdk=iphoneos*]" = "iPhone Developer";
				COPY_PHASE_STRIP = YES;
				ENABLE_NS_ASSERTIONS = NO;
				ENABLE_STRICT_OBJC_MSGSEND = YES;
				GCC_C_LANGUAGE_STANDARD = gnu99;
				GCC_WARN_64_TO_32_BIT_CONVERSION = YES;
				GCC_WARN_ABOUT_RETURN_TYPE = YES_ERROR;
				GCC_WARN_UNDECLARED_SELECTOR = YES;
				GCC_WARN_UNINITIALIZED_AUTOS = YES_AGGRESSIVE;
				GCC_WARN_UNUSED_FUNCTION = YES;
				GCC_WARN_UNUSED_VARIABLE = YES;
				IPHONEOS_DEPLOYMENT_TARGET = 8.0;
				MTL_ENABLE_DEBUG_INFO = NO;
				SDKROOT = iphoneos;
				TARGETED_DEVICE_FAMILY = "1,2";
				VALIDATE_PRODUCT = YES;
			};
			name = Release;
		};
		50ECCE3019F18C38007A65D5 /* Debug */ = {
			isa = XCBuildConfiguration;
			buildSettings = {
				ASSETCATALOG_COMPILER_APPICON_NAME = AppIcon;
				CODE_SIGN_IDENTITY = "iPhone Developer";
				"CODE_SIGN_IDENTITY[sdk=iphoneos*]" = "iPhone Developer";
				INFOPLIST_FILE = WalkieTalkie/Info.plist;
				LD_RUNPATH_SEARCH_PATHS = "$(inherited) @executable_path/Frameworks";
				PRODUCT_NAME = "$(TARGET_NAME)";
				PROVISIONING_PROFILE = "";
			};
			name = Debug;
		};
		50ECCE3119F18C38007A65D5 /* Release */ = {
			isa = XCBuildConfiguration;
			buildSettings = {
				ASSETCATALOG_COMPILER_APPICON_NAME = AppIcon;
				CODE_SIGN_IDENTITY = "iPhone Developer";
				"CODE_SIGN_IDENTITY[sdk=iphoneos*]" = "iPhone Developer";
				INFOPLIST_FILE = WalkieTalkie/Info.plist;
				LD_RUNPATH_SEARCH_PATHS = "$(inherited) @executable_path/Frameworks";
				PRODUCT_NAME = "$(TARGET_NAME)";
				PROVISIONING_PROFILE = "";
			};
			name = Release;
		};
		50ECCE3319F18C38007A65D5 /* Debug */ = {
			isa = XCBuildConfiguration;
			buildSettings = {
				BUNDLE_LOADER = "$(TEST_HOST)";
				FRAMEWORK_SEARCH_PATHS = (
					"$(SDKROOT)/Developer/Library/Frameworks",
					"$(inherited)",
				);
				GCC_PREPROCESSOR_DEFINITIONS = (
					"DEBUG=1",
					"$(inherited)",
				);
				INFOPLIST_FILE = WalkieTalkieTests/Info.plist;
				LD_RUNPATH_SEARCH_PATHS = "$(inherited) @executable_path/Frameworks @loader_path/Frameworks";
				PRODUCT_NAME = "$(TARGET_NAME)";
				TEST_HOST = "$(BUILT_PRODUCTS_DIR)/WalkieTalkie.app/WalkieTalkie";
			};
			name = Debug;
		};
		50ECCE3419F18C38007A65D5 /* Release */ = {
			isa = XCBuildConfiguration;
			buildSettings = {
				BUNDLE_LOADER = "$(TEST_HOST)";
				FRAMEWORK_SEARCH_PATHS = (
					"$(SDKROOT)/Developer/Library/Frameworks",
					"$(inherited)",
				);
				INFOPLIST_FILE = WalkieTalkieTests/Info.plist;
				LD_RUNPATH_SEARCH_PATHS = "$(inherited) @executable_path/Frameworks @loader_path/Frameworks";
				PRODUCT_NAME = "$(TARGET_NAME)";
				TEST_HOST = "$(BUILT_PRODUCTS_DIR)/WalkieTalkie.app/WalkieTalkie";
			};
			name = Release;
		};
/* End XCBuildConfiguration section */

/* Begin XCConfigurationList section */
		50ECCE0919F18C38007A65D5 /* Build configuration list for PBXProject "WalkieTalkie" */ = {
			isa = XCConfigurationList;
			buildConfigurations = (
				50ECCE2D19F18C38007A65D5 /* Debug */,
				50ECCE2E19F18C38007A65D5 /* Release */,
			);
			defaultConfigurationIsVisible = 0;
			defaultConfigurationName = Release;
		};
		50ECCE2F19F18C38007A65D5 /* Build configuration list for PBXNativeTarget "WalkieTalkie" */ = {
			isa = XCConfigurationList;
			buildConfigurations = (
				50ECCE3019F18C38007A65D5 /* Debug */,
				50ECCE3119F18C38007A65D5 /* Release */,
			);
			defaultConfigurationIsVisible = 0;
			defaultConfigurationName = Release;
		};
		50ECCE3219F18C38007A65D5 /* Build configuration list for PBXNativeTarget "WalkieTalkieTests" */ = {
			isa = XCConfigurationList;
			buildConfigurations = (
				50ECCE3319F18C38007A65D5 /* Debug */,
				50ECCE3419F18C38007A65D5 /* Release */,
			);
			defaultConfigurationIsVisible = 0;
			defaultConfigurationName = Release;
		};
/* End XCConfigurationList section */
	};
	rootObject = 50ECCE0619F18C38007A65D5 /* Project object */;
}
